# This file is automatically @generated by Poetry 2.0.1 and should not be changed by hand.

[[package]]
name = "pytubefix"
version = "8.12.1"
description = "Python3 library for downloading YouTube Videos."
optional = false
python-versions = ">=3.7"
groups = ["main"]
files = [
    {file = "pytubefix-8.12.1-py3-none-any.whl", hash = "sha256:1101463302b87c9a7172632232740413366919c4456255f5a85d114d0c60e0ec"},
    {file = "pytubefix-8.12.1.tar.gz", hash = "sha256:64af1ce25543007b1eadf1e2e01363839b0e4dd3c62ca2ae008f46c5462a2c54"},
]

[metadata]
lock-version = "2.1"
python-versions = ">=3.13"
content-hash = "57da3910788f061cc775af133e9ec9f438f4a57510fc7607d07bf0e20e640e9b"
